
Microsoft Visual Studio Solution File, Format Version 12.00
# Visual Studio Version 17
VisualStudioVersion = 17.13.35931.197 d17.13
MinimumVisualStudioVersion = 10.0.40219.1
Project("{FAE04EC0-301F-11D3-BF4B-00C04F79EFBC}") = "Sana Todo", "Sana Todo\Sana Todo.csproj", "{FB024DE2-4F42-4DCD-950B-EBA456E98575}"
EndProject
Global
	GlobalSection(SolutionConfigurationPlatforms) = preSolution
		Debug|Any CPU = Debug|Any CPU
		Release|Any CPU = Release|Any CPU
	EndGlobalSection
	GlobalSection(ProjectConfigurationPlatforms) = postSolution
		{FB024DE2-4F42-4DCD-950B-EBA456E98575}.Debug|Any CPU.ActiveCfg = Debug|Any CPU
		{FB024DE2-4F42-4DCD-950B-EBA456E98575}.Debug|Any CPU.Build.0 = Debug|Any CPU
		{FB024DE2-4F42-4DCD-950B-EBA456E98575}.Release|Any CPU.ActiveCfg = Release|Any CPU
		{FB024DE2-4F42-4DCD-950B-EBA456E98575}.Release|Any CPU.Build.0 = Release|Any CPU
	EndGlobalSection
	GlobalSection(SolutionProperties) = preSolution
		HideSolutionNode = FALSE
	EndGlobalSection
	GlobalSection(ExtensibilityGlobals) = postSolution
		SolutionGuid = {091B6A5D-4C86-4804-BA56-F50C5201F5BC}
	EndGlobalSection
EndGlobal
